// !$*UTF8*$!
{
	archiveVersion = 1;
	classes = {
	};
	objectVersion = 55;
	objects = {

/* Begin PBXBuildFile section */
		27328E5DD483CADE5CC32A13 /* Pods_MovieAppTests.framework in Frameworks */ = {isa = PBXBuildFile; fileRef = B66B986E1044DE8DD2B4892A /* Pods_MovieAppTests.framework */; };
		273EEDA528A697580045780F /* AppDelegate.swift in Sources */ = {isa = PBXBuildFile; fileRef = 273EEDA428A697580045780F /* AppDelegate.swift */; };
		273EEDAE28A6975A0045780F /* Assets.xcassets in Resources */ = {isa = PBXBuildFile; fileRef = 273EEDAD28A6975A0045780F /* Assets.xcassets */; };
		273EEDB128A6975A0045780F /* LaunchScreen.storyboard in Resources */ = {isa = PBXBuildFile; fileRef = 273EEDAF28A6975A0045780F /* LaunchScreen.storyboard */; };
		273EEDBC28A6975A0045780F /* MovieAppTests.swift in Sources */ = {isa = PBXBuildFile; fileRef = 273EEDBB28A6975A0045780F /* MovieAppTests.swift */; };
		273EEDC628A6975A0045780F /* MovieAppUITests.swift in Sources */ = {isa = PBXBuildFile; fileRef = 273EEDC528A6975A0045780F /* MovieAppUITests.swift */; };
		273EEDC828A6975A0045780F /* MovieAppUITestsLaunchTests.swift in Sources */ = {isa = PBXBuildFile; fileRef = 273EEDC728A6975A0045780F /* MovieAppUITestsLaunchTests.swift */; };
		273EEDDB28A69BDF0045780F /* movie.json in Resources */ = {isa = PBXBuildFile; fileRef = 273EEDDA28A69BDF0045780F /* movie.json */; };
		27569C7428A9474900AD72FE /* AppCoordinator.swift in Sources */ = {isa = PBXBuildFile; fileRef = 27569C7328A9474900AD72FE /* AppCoordinator.swift */; };
		27569C7628A947EC00AD72FE /* MovieListVC.swift in Sources */ = {isa = PBXBuildFile; fileRef = 27569C7528A947EC00AD72FE /* MovieListVC.swift */; };
		27569C7828A947F900AD72FE /* MovieListVM.swift in Sources */ = {isa = PBXBuildFile; fileRef = 27569C7728A947F900AD72FE /* MovieListVM.swift */; };
		27569C7E28A95B4D00AD72FE /* MovieCell.swift in Sources */ = {isa = PBXBuildFile; fileRef = 27569C7D28A95B4D00AD72FE /* MovieCell.swift */; };
		27569C8128A95CA400AD72FE /* UIView+Extensions.swift in Sources */ = {isa = PBXBuildFile; fileRef = 27569C8028A95CA400AD72FE /* UIView+Extensions.swift */; };
		27569C8628A9610A00AD72FE /* ImagePlaceholder.swift in Sources */ = {isa = PBXBuildFile; fileRef = 27569C8528A9610A00AD72FE /* ImagePlaceholder.swift */; };
		27569C8B28A964B000AD72FE /* ApiConstants.swift in Sources */ = {isa = PBXBuildFile; fileRef = 27569C8A28A964B000AD72FE /* ApiConstants.swift */; };
		27569C8E28A967AF00AD72FE /* ExecuterProtocol.swift in Sources */ = {isa = PBXBuildFile; fileRef = 27569C8D28A967AF00AD72FE /* ExecuterProtocol.swift */; };
		27569C9028A967CE00AD72FE /* NetworkError.swift in Sources */ = {isa = PBXBuildFile; fileRef = 27569C8F28A967CE00AD72FE /* NetworkError.swift */; };
		27569C9228A96A5B00AD72FE /* NetworkDefauts.swift in Sources */ = {isa = PBXBuildFile; fileRef = 27569C9128A96A5B00AD72FE /* NetworkDefauts.swift */; };
		27569C9428A96A8700AD72FE /* Network.swift in Sources */ = {isa = PBXBuildFile; fileRef = 27569C9328A96A8700AD72FE /* Network.swift */; };
		27569C9628A96B5C00AD72FE /* NetworkManager.swift in Sources */ = {isa = PBXBuildFile; fileRef = 27569C9528A96B5C00AD72FE /* NetworkManager.swift */; };
		27569C9828A96BE100AD72FE /* GlobalHelpers.swift in Sources */ = {isa = PBXBuildFile; fileRef = 27569C9728A96BE100AD72FE /* GlobalHelpers.swift */; };
		27569C9B28AA2A9B00AD72FE /* Api.swift in Sources */ = {isa = PBXBuildFile; fileRef = 27569C9A28AA2A9B00AD72FE /* Api.swift */; };
		27569C9F28AA37A400AD72FE /* MoviesService.swift in Sources */ = {isa = PBXBuildFile; fileRef = 27569C9E28AA37A400AD72FE /* MoviesService.swift */; };
		27569CA228AA39D700AD72FE /* MoviesResponseModel.swift in Sources */ = {isa = PBXBuildFile; fileRef = 27569CA128AA39D700AD72FE /* MoviesResponseModel.swift */; };
		27569CA428AA439100AD72FE /* Array+Extentions.swift in Sources */ = {isa = PBXBuildFile; fileRef = 27569CA328AA439100AD72FE /* Array+Extentions.swift */; };
		27569CA728AA831200AD72FE /* MovieListEmptyView.swift in Sources */ = {isa = PBXBuildFile; fileRef = 27569CA628AA831200AD72FE /* MovieListEmptyView.swift */; };
		27569CA928AA8D8300AD72FE /* MovieDetailVC.swift in Sources */ = {isa = PBXBuildFile; fileRef = 27569CA828AA8D8300AD72FE /* MovieDetailVC.swift */; };
		27569CAB28AA8D8F00AD72FE /* MovieDetailVM.swift in Sources */ = {isa = PBXBuildFile; fileRef = 27569CAA28AA8D8F00AD72FE /* MovieDetailVM.swift */; };
		27569CAE28AA910600AD72FE /* MovieDetailResponseModel.swift in Sources */ = {isa = PBXBuildFile; fileRef = 27569CAD28AA910600AD72FE /* MovieDetailResponseModel.swift */; };
		27569CB028AADAF900AD72FE /* MovieDetailService.swift in Sources */ = {isa = PBXBuildFile; fileRef = 27569CAF28AADAF900AD72FE /* MovieDetailService.swift */; };
		27569CB328AADDC100AD72FE /* CastCarousel.swift in Sources */ = {isa = PBXBuildFile; fileRef = 27569CB228AADDC100AD72FE /* CastCarousel.swift */; };
		27569CB628AADDDB00AD72FE /* CastCell.swift in Sources */ = {isa = PBXBuildFile; fileRef = 27569CB528AADDDB00AD72FE /* CastCell.swift */; };
		27569CB828AAE09100AD72FE /* VerticalTitleDescView.swift in Sources */ = {isa = PBXBuildFile; fileRef = 27569CB728AAE09100AD72FE /* VerticalTitleDescView.swift */; };
		27569CBB28AAE24600AD72FE /* MovieCastResponseModel.swift in Sources */ = {isa = PBXBuildFile; fileRef = 27569CBA28AAE24600AD72FE /* MovieCastResponseModel.swift */; };
		27569CBE28AAEE0300AD72FE /* MovieVideosModel.swift in Sources */ = {isa = PBXBuildFile; fileRef = 27569CBD28AAEE0300AD72FE /* MovieVideosModel.swift */; };
		27569CC028AAF3A000AD72FE /* KingFisher+Extensions.swift in Sources */ = {isa = PBXBuildFile; fileRef = 27569CBF28AAF3A000AD72FE /* KingFisher+Extensions.swift */; };
		27B37ABE28AB7E0B00636911 /* CharacterDetailVC.swift in Sources */ = {isa = PBXBuildFile; fileRef = 27B37ABD28AB7E0B00636911 /* CharacterDetailVC.swift */; };
		27B37AC028AB7E1C00636911 /* CharacterDetailVM.swift in Sources */ = {isa = PBXBuildFile; fileRef = 27B37ABF28AB7E1C00636911 /* CharacterDetailVM.swift */; };
		27B37AC328AB8D5500636911 /* CharacterDetailService.swift in Sources */ = {isa = PBXBuildFile; fileRef = 27B37AC228AB8D5500636911 /* CharacterDetailService.swift */; };
		27B37AC628AB8D9800636911 /* CharacterDetailResponseModel.swift in Sources */ = {isa = PBXBuildFile; fileRef = 27B37AC528AB8D9800636911 /* CharacterDetailResponseModel.swift */; };
		27B37AC828AB8DA800636911 /* CharacterCreditsResponseModel.swift in Sources */ = {isa = PBXBuildFile; fileRef = 27B37AC728AB8DA800636911 /* CharacterCreditsResponseModel.swift */; };
		A478FEAC1AFEA25984E0A08D /* Pods_MovieApp_MovieAppUITests.framework in Frameworks */ = {isa = PBXBuildFile; fileRef = CADA9D058392D5F6C8AD02DD /* Pods_MovieApp_MovieAppUITests.framework */; };
		FC6149C32ADCBD95173C46BA /* Pods_MovieApp.framework in Frameworks */ = {isa = PBXBuildFile; fileRef = 05CFE1576E6FC443013C8498 /* Pods_MovieApp.framework */; };
/* End PBXBuildFile section */

/* Begin PBXContainerItemProxy section */
		273EEDB828A6975A0045780F /* PBXContainerItemProxy */ = {
			isa = PBXContainerItemProxy;
			containerPortal = 273EED9928A697580045780F /* Project object */;
			proxyType = 1;
			remoteGlobalIDString = 273EEDA028A697580045780F;
			remoteInfo = MovieApp;
		};
		273EEDC228A6975A0045780F /* PBXContainerItemProxy */ = {
			isa = PBXContainerItemProxy;
			containerPortal = 273EED9928A697580045780F /* Project object */;
			proxyType = 1;
			remoteGlobalIDString = 273EEDA028A697580045780F;
			remoteInfo = MovieApp;
		};
/* End PBXContainerItemProxy section */

/* Begin PBXFileReference section */
		05CFE1576E6FC443013C8498 /* Pods_MovieApp.framework */ = {isa = PBXFileReference; explicitFileType = wrapper.framework; includeInIndex = 0; path = Pods_MovieApp.framework; sourceTree = BUILT_PRODUCTS_DIR; };
		1B505AD599CB8F8494470C2D /* Pods-MovieApp.release.xcconfig */ = {isa = PBXFileReference; includeInIndex = 1; lastKnownFileType = text.xcconfig; name = "Pods-MovieApp.release.xcconfig"; path = "Target Support Files/Pods-MovieApp/Pods-MovieApp.release.xcconfig"; sourceTree = "<group>"; };
		273EEDA128A697580045780F /* MovieApp.app */ = {isa = PBXFileReference; explicitFileType = wrapper.application; includeInIndex = 0; path = MovieApp.app; sourceTree = BUILT_PRODUCTS_DIR; };
		273EEDA428A697580045780F /* AppDelegate.swift */ = {isa = PBXFileReference; lastKnownFileType = sourcecode.swift; path = AppDelegate.swift; sourceTree = "<group>"; };
		273EEDAD28A6975A0045780F /* Assets.xcassets */ = {isa = PBXFileReference; lastKnownFileType = folder.assetcatalog; path = Assets.xcassets; sourceTree = "<group>"; };
		273EEDB028A6975A0045780F /* Base */ = {isa = PBXFileReference; lastKnownFileType = file.storyboard; name = Base; path = Base.lproj/LaunchScreen.storyboard; sourceTree = "<group>"; };
		273EEDB228A6975A0045780F /* Info.plist */ = {isa = PBXFileReference; lastKnownFileType = text.plist.xml; path = Info.plist; sourceTree = "<group>"; };
		273EEDB728A6975A0045780F /* MovieAppTests.xctest */ = {isa = PBXFileReference; explicitFileType = wrapper.cfbundle; includeInIndex = 0; path = MovieAppTests.xctest; sourceTree = BUILT_PRODUCTS_DIR; };
		273EEDBB28A6975A0045780F /* MovieAppTests.swift */ = {isa = PBXFileReference; lastKnownFileType = sourcecode.swift; path = MovieAppTests.swift; sourceTree = "<group>"; };
		273EEDC128A6975A0045780F /* MovieAppUITests.xctest */ = {isa = PBXFileReference; explicitFileType = wrapper.cfbundle; includeInIndex = 0; path = MovieAppUITests.xctest; sourceTree = BUILT_PRODUCTS_DIR; };
		273EEDC528A6975A0045780F /* MovieAppUITests.swift */ = {isa = PBXFileReference; lastKnownFileType = sourcecode.swift; path = MovieAppUITests.swift; sourceTree = "<group>"; };
		273EEDC728A6975A0045780F /* MovieAppUITestsLaunchTests.swift */ = {isa = PBXFileReference; lastKnownFileType = sourcecode.swift; path = MovieAppUITestsLaunchTests.swift; sourceTree = "<group>"; };
		273EEDDA28A69BDF0045780F /* movie.json */ = {isa = PBXFileReference; fileEncoding = 4; lastKnownFileType = text.json; path = movie.json; sourceTree = "<group>"; };
		27569C7328A9474900AD72FE /* AppCoordinator.swift */ = {isa = PBXFileReference; lastKnownFileType = sourcecode.swift; path = AppCoordinator.swift; sourceTree = "<group>"; };
		27569C7528A947EC00AD72FE /* MovieListVC.swift */ = {isa = PBXFileReference; lastKnownFileType = sourcecode.swift; path = MovieListVC.swift; sourceTree = "<group>"; };
		27569C7728A947F900AD72FE /* MovieListVM.swift */ = {isa = PBXFileReference; lastKnownFileType = sourcecode.swift; path = MovieListVM.swift; sourceTree = "<group>"; };
		27569C7D28A95B4D00AD72FE /* MovieCell.swift */ = {isa = PBXFileReference; lastKnownFileType = sourcecode.swift; path = MovieCell.swift; sourceTree = "<group>"; };
		27569C8028A95CA400AD72FE /* UIView+Extensions.swift */ = {isa = PBXFileReference; lastKnownFileType = sourcecode.swift; path = "UIView+Extensions.swift"; sourceTree = "<group>"; };
		27569C8528A9610A00AD72FE /* ImagePlaceholder.swift */ = {isa = PBXFileReference; lastKnownFileType = sourcecode.swift; path = ImagePlaceholder.swift; sourceTree = "<group>"; };
		27569C8A28A964B000AD72FE /* ApiConstants.swift */ = {isa = PBXFileReference; lastKnownFileType = sourcecode.swift; path = ApiConstants.swift; sourceTree = "<group>"; };
		27569C8D28A967AF00AD72FE /* ExecuterProtocol.swift */ = {isa = PBXFileReference; lastKnownFileType = sourcecode.swift; path = ExecuterProtocol.swift; sourceTree = "<group>"; };
		27569C8F28A967CE00AD72FE /* NetworkError.swift */ = {isa = PBXFileReference; lastKnownFileType = sourcecode.swift; path = NetworkError.swift; sourceTree = "<group>"; };
		27569C9128A96A5B00AD72FE /* NetworkDefauts.swift */ = {isa = PBXFileReference; lastKnownFileType = sourcecode.swift; path = NetworkDefauts.swift; sourceTree = "<group>"; };
		27569C9328A96A8700AD72FE /* Network.swift */ = {isa = PBXFileReference; lastKnownFileType = sourcecode.swift; path = Network.swift; sourceTree = "<group>"; };
		27569C9528A96B5C00AD72FE /* NetworkManager.swift */ = {isa = PBXFileReference; lastKnownFileType = sourcecode.swift; path = NetworkManager.swift; sourceTree = "<group>"; };
		27569C9728A96BE100AD72FE /* GlobalHelpers.swift */ = {isa = PBXFileReference; lastKnownFileType = sourcecode.swift; path = GlobalHelpers.swift; sourceTree = "<group>"; };
		27569C9A28AA2A9B00AD72FE /* Api.swift */ = {isa = PBXFileReference; lastKnownFileType = sourcecode.swift; path = Api.swift; sourceTree = "<group>"; };
		27569C9E28AA37A400AD72FE /* MoviesService.swift */ = {isa = PBXFileReference; lastKnownFileType = sourcecode.swift; path = MoviesService.swift; sourceTree = "<group>"; };
		27569CA128AA39D700AD72FE /* MoviesResponseModel.swift */ = {isa = PBXFileReference; lastKnownFileType = sourcecode.swift; path = MoviesResponseModel.swift; sourceTree = "<group>"; };
		27569CA328AA439100AD72FE /* Array+Extentions.swift */ = {isa = PBXFileReference; lastKnownFileType = sourcecode.swift; path = "Array+Extentions.swift"; sourceTree = "<group>"; };
		27569CA628AA831200AD72FE /* MovieListEmptyView.swift */ = {isa = PBXFileReference; lastKnownFileType = sourcecode.swift; path = MovieListEmptyView.swift; sourceTree = "<group>"; };
		27569CA828AA8D8300AD72FE /* MovieDetailVC.swift */ = {isa = PBXFileReference; lastKnownFileType = sourcecode.swift; path = MovieDetailVC.swift; sourceTree = "<group>"; };
		27569CAA28AA8D8F00AD72FE /* MovieDetailVM.swift */ = {isa = PBXFileReference; lastKnownFileType = sourcecode.swift; path = MovieDetailVM.swift; sourceTree = "<group>"; };
		27569CAD28AA910600AD72FE /* MovieDetailResponseModel.swift */ = {isa = PBXFileReference; lastKnownFileType = sourcecode.swift; path = MovieDetailResponseModel.swift; sourceTree = "<group>"; };
		27569CAF28AADAF900AD72FE /* MovieDetailService.swift */ = {isa = PBXFileReference; lastKnownFileType = sourcecode.swift; path = MovieDetailService.swift; sourceTree = "<group>"; };
		27569CB228AADDC100AD72FE /* CastCarousel.swift */ = {isa = PBXFileReference; lastKnownFileType = sourcecode.swift; path = CastCarousel.swift; sourceTree = "<group>"; };
		27569CB528AADDDB00AD72FE /* CastCell.swift */ = {isa = PBXFileReference; lastKnownFileType = sourcecode.swift; path = CastCell.swift; sourceTree = "<group>"; };
		27569CB728AAE09100AD72FE /* VerticalTitleDescView.swift */ = {isa = PBXFileReference; lastKnownFileType = sourcecode.swift; path = VerticalTitleDescView.swift; sourceTree = "<group>"; };
		27569CBA28AAE24600AD72FE /* MovieCastResponseModel.swift */ = {isa = PBXFileReference; lastKnownFileType = sourcecode.swift; path = MovieCastResponseModel.swift; sourceTree = "<group>"; };
		27569CBD28AAEE0300AD72FE /* MovieVideosModel.swift */ = {isa = PBXFileReference; lastKnownFileType = sourcecode.swift; path = MovieVideosModel.swift; sourceTree = "<group>"; };
		27569CBF28AAF3A000AD72FE /* KingFisher+Extensions.swift */ = {isa = PBXFileReference; lastKnownFileType = sourcecode.swift; path = "KingFisher+Extensions.swift"; sourceTree = "<group>"; };
		27B37ABD28AB7E0B00636911 /* CharacterDetailVC.swift */ = {isa = PBXFileReference; lastKnownFileType = sourcecode.swift; path = CharacterDetailVC.swift; sourceTree = "<group>"; };
		27B37ABF28AB7E1C00636911 /* CharacterDetailVM.swift */ = {isa = PBXFileReference; lastKnownFileType = sourcecode.swift; path = CharacterDetailVM.swift; sourceTree = "<group>"; };
		27B37AC228AB8D5500636911 /* CharacterDetailService.swift */ = {isa = PBXFileReference; lastKnownFileType = sourcecode.swift; path = CharacterDetailService.swift; sourceTree = "<group>"; };
		27B37AC528AB8D9800636911 /* CharacterDetailResponseModel.swift */ = {isa = PBXFileReference; lastKnownFileType = sourcecode.swift; path = CharacterDetailResponseModel.swift; sourceTree = "<group>"; };
		27B37AC728AB8DA800636911 /* CharacterCreditsResponseModel.swift */ = {isa = PBXFileReference; lastKnownFileType = sourcecode.swift; path = CharacterCreditsResponseModel.swift; sourceTree = "<group>"; };
		3A960478B5F03F19A26AA378 /* Pods-MovieApp-MovieAppUITests.debug.xcconfig */ = {isa = PBXFileReference; includeInIndex = 1; lastKnownFileType = text.xcconfig; name = "Pods-MovieApp-MovieAppUITests.debug.xcconfig"; path = "Target Support Files/Pods-MovieApp-MovieAppUITests/Pods-MovieApp-MovieAppUITests.debug.xcconfig"; sourceTree = "<group>"; };
		991000D5B242A84625DF28FC /* Pods-MovieAppTests.release.xcconfig */ = {isa = PBXFileReference; includeInIndex = 1; lastKnownFileType = text.xcconfig; name = "Pods-MovieAppTests.release.xcconfig"; path = "Target Support Files/Pods-MovieAppTests/Pods-MovieAppTests.release.xcconfig"; sourceTree = "<group>"; };
		B66B986E1044DE8DD2B4892A /* Pods_MovieAppTests.framework */ = {isa = PBXFileReference; explicitFileType = wrapper.framework; includeInIndex = 0; path = Pods_MovieAppTests.framework; sourceTree = BUILT_PRODUCTS_DIR; };
		CADA9D058392D5F6C8AD02DD /* Pods_MovieApp_MovieAppUITests.framework */ = {isa = PBXFileReference; explicitFileType = wrapper.framework; includeInIndex = 0; path = Pods_MovieApp_MovieAppUITests.framework; sourceTree = BUILT_PRODUCTS_DIR; };
		D6A8CCD769DD2149E703932F /* Pods-MovieAppTests.debug.xcconfig */ = {isa = PBXFileReference; includeInIndex = 1; lastKnownFileType = text.xcconfig; name = "Pods-MovieAppTests.debug.xcconfig"; path = "Target Support Files/Pods-MovieAppTests/Pods-MovieAppTests.debug.xcconfig"; sourceTree = "<group>"; };
		DD87ADA840D6CEE63CB50764 /* Pods-MovieApp-MovieAppUITests.release.xcconfig */ = {isa = PBXFileReference; includeInIndex = 1; lastKnownFileType = text.xcconfig; name = "Pods-MovieApp-MovieAppUITests.release.xcconfig"; path = "Target Support Files/Pods-MovieApp-MovieAppUITests/Pods-MovieApp-MovieAppUITests.release.xcconfig"; sourceTree = "<group>"; };
		EDB3B1D4A62F7C35168533AF /* Pods-MovieApp.debug.xcconfig */ = {isa = PBXFileReference; includeInIndex = 1; lastKnownFileType = text.xcconfig; name = "Pods-MovieApp.debug.xcconfig"; path = "Target Support Files/Pods-MovieApp/Pods-MovieApp.debug.xcconfig"; sourceTree = "<group>"; };
/* End PBXFileReference section */

/* Begin PBXFrameworksBuildPhase section */
		273EED9E28A697580045780F /* Frameworks */ = {
			isa = PBXFrameworksBuildPhase;
			buildActionMask = 2147483647;
			files = (
				FC6149C32ADCBD95173C46BA /* Pods_MovieApp.framework in Frameworks */,
			);
			runOnlyForDeploymentPostprocessing = 0;
		};
		273EEDB428A6975A0045780F /* Frameworks */ = {
			isa = PBXFrameworksBuildPhase;
			buildActionMask = 2147483647;
			files = (
				27328E5DD483CADE5CC32A13 /* Pods_MovieAppTests.framework in Frameworks */,
			);
			runOnlyForDeploymentPostprocessing = 0;
		};
		273EEDBE28A6975A0045780F /* Frameworks */ = {
			isa = PBXFrameworksBuildPhase;
			buildActionMask = 2147483647;
			files = (
				A478FEAC1AFEA25984E0A08D /* Pods_MovieApp_MovieAppUITests.framework in Frameworks */,
			);
			runOnlyForDeploymentPostprocessing = 0;
		};
/* End PBXFrameworksBuildPhase section */

/* Begin PBXGroup section */
		273EED9828A697580045780F = {
			isa = PBXGroup;
			children = (
				273EEDA328A697580045780F /* MovieApp */,
				273EEDBA28A6975A0045780F /* MovieAppTests */,
				273EEDC428A6975A0045780F /* MovieAppUITests */,
				273EEDA228A697580045780F /* Products */,
				8DFD5B84BB55D3924C965988 /* Pods */,
				61019DB5ADF0AD776A86F01B /* Frameworks */,
			);
			sourceTree = "<group>";
		};
		273EEDA228A697580045780F /* Products */ = {
			isa = PBXGroup;
			children = (
				273EEDA128A697580045780F /* MovieApp.app */,
				273EEDB728A6975A0045780F /* MovieAppTests.xctest */,
				273EEDC128A6975A0045780F /* MovieAppUITests.xctest */,
			);
			name = Products;
			sourceTree = "<group>";
		};
		273EEDA328A697580045780F /* MovieApp */ = {
			isa = PBXGroup;
			children = (
				273EEDB228A6975A0045780F /* Info.plist */,
				273EEDD928A6991F0045780F /* AppHandle */,
				27569C7228A9473100AD72FE /* AppCoordinator */,
				273EEDD428A697750045780F /* Resource */,
				27569C7928A9480100AD72FE /* Model */,
				27569C7A28A9480F00AD72FE /* Network */,
				27569C9928AA2A8300AD72FE /* Service */,
				27569C7F28A95C8900AD72FE /* Extensions */,
				27569C8728A963CF00AD72FE /* Helper */,
				27569C8228A960D600AD72FE /* Components */,
				273EEDD528A698E50045780F /* Scenes */,
			);
			path = MovieApp;
			sourceTree = "<group>";
		};
		273EEDBA28A6975A0045780F /* MovieAppTests */ = {
			isa = PBXGroup;
			children = (
				273EEDBB28A6975A0045780F /* MovieAppTests.swift */,
			);
			path = MovieAppTests;
			sourceTree = "<group>";
		};
		273EEDC428A6975A0045780F /* MovieAppUITests */ = {
			isa = PBXGroup;
			children = (
				273EEDC528A6975A0045780F /* MovieAppUITests.swift */,
				273EEDC728A6975A0045780F /* MovieAppUITestsLaunchTests.swift */,
			);
			path = MovieAppUITests;
			sourceTree = "<group>";
		};
		273EEDD428A697750045780F /* Resource */ = {
			isa = PBXGroup;
			children = (
				273EEDDC28A69BE30045780F /* Lottie */,
				273EEDAF28A6975A0045780F /* LaunchScreen.storyboard */,
				273EEDAD28A6975A0045780F /* Assets.xcassets */,
			);
			path = Resource;
			sourceTree = "<group>";
		};
		273EEDD528A698E50045780F /* Scenes */ = {
			isa = PBXGroup;
			children = (
				273EEDD828A698FF0045780F /* CharacterDetail */,
				273EEDD728A698F70045780F /* MovieDetail */,
				273EEDD628A698F20045780F /* List */,
			);
			path = Scenes;
			sourceTree = "<group>";
		};
		273EEDD628A698F20045780F /* List */ = {
			isa = PBXGroup;
			children = (
				27569CA528AA82F400AD72FE /* View */,
				27569C7528A947EC00AD72FE /* MovieListVC.swift */,
				27569C7728A947F900AD72FE /* MovieListVM.swift */,
			);
			path = List;
			sourceTree = "<group>";
		};
		273EEDD728A698F70045780F /* MovieDetail */ = {
			isa = PBXGroup;
			children = (
				27569CB128AADDA200AD72FE /* View */,
				27569CA828AA8D8300AD72FE /* MovieDetailVC.swift */,
				27569CAA28AA8D8F00AD72FE /* MovieDetailVM.swift */,
			);
			path = MovieDetail;
			sourceTree = "<group>";
		};
		273EEDD828A698FF0045780F /* CharacterDetail */ = {
			isa = PBXGroup;
			children = (
				27B37ABD28AB7E0B00636911 /* CharacterDetailVC.swift */,
				27B37ABF28AB7E1C00636911 /* CharacterDetailVM.swift */,
			);
			path = CharacterDetail;
			sourceTree = "<group>";
		};
		273EEDD928A6991F0045780F /* AppHandle */ = {
			isa = PBXGroup;
			children = (
				273EEDA428A697580045780F /* AppDelegate.swift */,
			);
			path = AppHandle;
			sourceTree = "<group>";
		};
		273EEDDC28A69BE30045780F /* Lottie */ = {
			isa = PBXGroup;
			children = (
				273EEDDA28A69BDF0045780F /* movie.json */,
			);
			path = Lottie;
			sourceTree = "<group>";
		};
		27569C7228A9473100AD72FE /* AppCoordinator */ = {
			isa = PBXGroup;
			children = (
				27569C7328A9474900AD72FE /* AppCoordinator.swift */,
			);
			path = AppCoordinator;
			sourceTree = "<group>";
		};
		27569C7928A9480100AD72FE /* Model */ = {
			isa = PBXGroup;
			children = (
				27B37AC428AB8D7A00636911 /* CharacterDetail */,
				27569CBC28AAEDE700AD72FE /* MovieVideosModel */,
				27569CB928AAE22D00AD72FE /* CastModel */,
				27569CAC28AA90F100AD72FE /* MovieDetail */,
				27569CA028AA39CA00AD72FE /* Movies */,
			);
			path = Model;
			sourceTree = "<group>";
		};
		27569C7A28A9480F00AD72FE /* Network */ = {
			isa = PBXGroup;
			children = (
				27569C8D28A967AF00AD72FE /* ExecuterProtocol.swift */,
				27569C8F28A967CE00AD72FE /* NetworkError.swift */,
				27569C9128A96A5B00AD72FE /* NetworkDefauts.swift */,
				27569C9328A96A8700AD72FE /* Network.swift */,
				27569C9528A96B5C00AD72FE /* NetworkManager.swift */,
			);
			path = Network;
			sourceTree = "<group>";
		};
		27569C7F28A95C8900AD72FE /* Extensions */ = {
			isa = PBXGroup;
			children = (
				27569C8028A95CA400AD72FE /* UIView+Extensions.swift */,
				27569CA328AA439100AD72FE /* Array+Extentions.swift */,
				27569CBF28AAF3A000AD72FE /* KingFisher+Extensions.swift */,
			);
			path = Extensions;
			sourceTree = "<group>";
		};
		27569C8228A960D600AD72FE /* Components */ = {
			isa = PBXGroup;
			children = (
				27569C8528A9610A00AD72FE /* ImagePlaceholder.swift */,
				27569CB728AAE09100AD72FE /* VerticalTitleDescView.swift */,
			);
			path = Components;
			sourceTree = "<group>";
		};
		27569C8728A963CF00AD72FE /* Helper */ = {
			isa = PBXGroup;
			children = (
				27569C9728A96BE100AD72FE /* GlobalHelpers.swift */,
			);
			path = Helper;
			sourceTree = "<group>";
		};
		27569C9928AA2A8300AD72FE /* Service */ = {
			isa = PBXGroup;
			children = (
				27569C8A28A964B000AD72FE /* ApiConstants.swift */,
				27569C9A28AA2A9B00AD72FE /* Api.swift */,
				27569C9E28AA37A400AD72FE /* MoviesService.swift */,
				27569CAF28AADAF900AD72FE /* MovieDetailService.swift */,
				27B37AC228AB8D5500636911 /* CharacterDetailService.swift */,
			);
			path = Service;
			sourceTree = "<group>";
		};
		27569CA028AA39CA00AD72FE /* Movies */ = {
			isa = PBXGroup;
			children = (
				27569CA128AA39D700AD72FE /* MoviesResponseModel.swift */,
			);
			path = Movies;
			sourceTree = "<group>";
		};
		27569CA528AA82F400AD72FE /* View */ = {
			isa = PBXGroup;
			children = (
				27569C7D28A95B4D00AD72FE /* MovieCell.swift */,
				27569CA628AA831200AD72FE /* MovieListEmptyView.swift */,
			);
			path = View;
			sourceTree = "<group>";
		};
		27569CAC28AA90F100AD72FE /* MovieDetail */ = {
			isa = PBXGroup;
			children = (
				27569CAD28AA910600AD72FE /* MovieDetailResponseModel.swift */,
			);
			path = MovieDetail;
			sourceTree = "<group>";
		};
		27569CB128AADDA200AD72FE /* View */ = {
			isa = PBXGroup;
			children = (
				27569CB428AADDC600AD72FE /* CastCarousel */,
			);
			path = View;
			sourceTree = "<group>";
		};
		27569CB428AADDC600AD72FE /* CastCarousel */ = {
			isa = PBXGroup;
			children = (
				27569CB228AADDC100AD72FE /* CastCarousel.swift */,
				27569CB528AADDDB00AD72FE /* CastCell.swift */,
			);
			path = CastCarousel;
			sourceTree = "<group>";
		};
		27569CB928AAE22D00AD72FE /* CastModel */ = {
			isa = PBXGroup;
			children = (
				27569CBA28AAE24600AD72FE /* MovieCastResponseModel.swift */,
			);
			path = CastModel;
			sourceTree = "<group>";
		};
		27569CBC28AAEDE700AD72FE /* MovieVideosModel */ = {
			isa = PBXGroup;
			children = (
				27569CBD28AAEE0300AD72FE /* MovieVideosModel.swift */,
			);
			path = MovieVideosModel;
			sourceTree = "<group>";
		};
		27B37AC428AB8D7A00636911 /* CharacterDetail */ = {
			isa = PBXGroup;
			children = (
				27B37AC528AB8D9800636911 /* CharacterDetailResponseModel.swift */,
				27B37AC728AB8DA800636911 /* CharacterCreditsResponseModel.swift */,
			);
			path = CharacterDetail;
			sourceTree = "<group>";
		};
		61019DB5ADF0AD776A86F01B /* Frameworks */ = {
			isa = PBXGroup;
			children = (
				05CFE1576E6FC443013C8498 /* Pods_MovieApp.framework */,
				CADA9D058392D5F6C8AD02DD /* Pods_MovieApp_MovieAppUITests.framework */,
				B66B986E1044DE8DD2B4892A /* Pods_MovieAppTests.framework */,
			);
			name = Frameworks;
			sourceTree = "<group>";
		};
		8DFD5B84BB55D3924C965988 /* Pods */ = {
			isa = PBXGroup;
			children = (
				EDB3B1D4A62F7C35168533AF /* Pods-MovieApp.debug.xcconfig */,
				1B505AD599CB8F8494470C2D /* Pods-MovieApp.release.xcconfig */,
				3A960478B5F03F19A26AA378 /* Pods-MovieApp-MovieAppUITests.debug.xcconfig */,
				DD87ADA840D6CEE63CB50764 /* Pods-MovieApp-MovieAppUITests.release.xcconfig */,
				D6A8CCD769DD2149E703932F /* Pods-MovieAppTests.debug.xcconfig */,
				991000D5B242A84625DF28FC /* Pods-MovieAppTests.release.xcconfig */,
			);
			path = Pods;
			sourceTree = "<group>";
		};
/* End PBXGroup section */

/* Begin PBXNativeTarget section */
		273EEDA028A697580045780F /* MovieApp */ = {
			isa = PBXNativeTarget;
			buildConfigurationList = 273EEDCB28A6975A0045780F /* Build configuration list for PBXNativeTarget "MovieApp" */;
			buildPhases = (
				46ED0E979B0A4FF952B8F296 /* [CP] Check Pods Manifest.lock */,
				273EED9D28A697580045780F /* Sources */,
				273EED9E28A697580045780F /* Frameworks */,
				273EED9F28A697580045780F /* Resources */,
				FAFE90FC6D26DBD56B8A1CF0 /* [CP] Embed Pods Frameworks */,
			);
			buildRules = (
			);
			dependencies = (
			);
			name = MovieApp;
			productName = MovieApp;
			productReference = 273EEDA128A697580045780F /* MovieApp.app */;
			productType = "com.apple.product-type.application";
		};
		273EEDB628A6975A0045780F /* MovieAppTests */ = {
			isa = PBXNativeTarget;
			buildConfigurationList = 273EEDCE28A6975A0045780F /* Build configuration list for PBXNativeTarget "MovieAppTests" */;
			buildPhases = (
				5405B01BDF18282C4E1DA4A0 /* [CP] Check Pods Manifest.lock */,
				273EEDB328A6975A0045780F /* Sources */,
				273EEDB428A6975A0045780F /* Frameworks */,
				273EEDB528A6975A0045780F /* Resources */,
			);
			buildRules = (
			);
			dependencies = (
				273EEDB928A6975A0045780F /* PBXTargetDependency */,
			);
			name = MovieAppTests;
			productName = MovieAppTests;
			productReference = 273EEDB728A6975A0045780F /* MovieAppTests.xctest */;
			productType = "com.apple.product-type.bundle.unit-test";
		};
		273EEDC028A6975A0045780F /* MovieAppUITests */ = {
			isa = PBXNativeTarget;
			buildConfigurationList = 273EEDD128A6975A0045780F /* Build configuration list for PBXNativeTarget "MovieAppUITests" */;
			buildPhases = (
				E372D32505BC677A39D7DDA6 /* [CP] Check Pods Manifest.lock */,
				273EEDBD28A6975A0045780F /* Sources */,
				273EEDBE28A6975A0045780F /* Frameworks */,
				273EEDBF28A6975A0045780F /* Resources */,
				8161B7F1B7867612F3BFDC6E /* [CP] Embed Pods Frameworks */,
			);
			buildRules = (
			);
			dependencies = (
				273EEDC328A6975A0045780F /* PBXTargetDependency */,
			);
			name = MovieAppUITests;
			productName = MovieAppUITests;
			productReference = 273EEDC128A6975A0045780F /* MovieAppUITests.xctest */;
			productType = "com.apple.product-type.bundle.ui-testing";
		};
/* End PBXNativeTarget section */

/* Begin PBXProject section */
		273EED9928A697580045780F /* Project object */ = {
			isa = PBXProject;
			attributes = {
				BuildIndependentTargetsInParallel = 1;
				LastSwiftUpdateCheck = 1340;
				LastUpgradeCheck = 1340;
				TargetAttributes = {
					273EEDA028A697580045780F = {
						CreatedOnToolsVersion = 13.4;
					};
					273EEDB628A6975A0045780F = {
						CreatedOnToolsVersion = 13.4;
						TestTargetID = 273EEDA028A697580045780F;
					};
					273EEDC028A6975A0045780F = {
						CreatedOnToolsVersion = 13.4;
						TestTargetID = 273EEDA028A697580045780F;
					};
				};
			};
			buildConfigurationList = 273EED9C28A697580045780F /* Build configuration list for PBXProject "MovieApp" */;
			compatibilityVersion = "Xcode 13.0";
			developmentRegion = en;
			hasScannedForEncodings = 0;
			knownRegions = (
				en,
				Base,
			);
			mainGroup = 273EED9828A697580045780F;
			productRefGroup = 273EEDA228A697580045780F /* Products */;
			projectDirPath = "";
			projectRoot = "";
			targets = (
				273EEDA028A697580045780F /* MovieApp */,
				273EEDB628A6975A0045780F /* MovieAppTests */,
				273EEDC028A6975A0045780F /* MovieAppUITests */,
			);
		};
/* End PBXProject section */

/* Begin PBXResourcesBuildPhase section */
		273EED9F28A697580045780F /* Resources */ = {
			isa = PBXResourcesBuildPhase;
			buildActionMask = 2147483647;
			files = (
				273EEDB128A6975A0045780F /* LaunchScreen.storyboard in Resources */,
				273EEDDB28A69BDF0045780F /* movie.json in Resources */,
				273EEDAE28A6975A0045780F /* Assets.xcassets in Resources */,
			);
			runOnlyForDeploymentPostprocessing = 0;
		};
		273EEDB528A6975A0045780F /* Resources */ = {
			isa = PBXResourcesBuildPhase;
			buildActionMask = 2147483647;
			files = (
			);
			runOnlyForDeploymentPostprocessing = 0;
		};
		273EEDBF28A6975A0045780F /* Resources */ = {
			isa = PBXResourcesBuildPhase;
			buildActionMask = 2147483647;
			files = (
			);
			runOnlyForDeploymentPostprocessing = 0;
		};
/* End PBXResourcesBuildPhase section */

/* Begin PBXShellScriptBuildPhase section */
		46ED0E979B0A4FF952B8F296 /* [CP] Check Pods Manifest.lock */ = {
			isa = PBXShellScriptBuildPhase;
			buildActionMask = 2147483647;
			files = (
			);
			inputFileListPaths = (
			);
			inputPaths = (
				"${PODS_PODFILE_DIR_PATH}/Podfile.lock",
				"${PODS_ROOT}/Manifest.lock",
			);
			name = "[CP] Check Pods Manifest.lock";
			outputFileListPaths = (
			);
			outputPaths = (
				"$(DERIVED_FILE_DIR)/Pods-MovieApp-checkManifestLockResult.txt",
			);
			runOnlyForDeploymentPostprocessing = 0;
			shellPath = /bin/sh;
			shellScript = "diff \"${PODS_PODFILE_DIR_PATH}/Podfile.lock\" \"${PODS_ROOT}/Manifest.lock\" > /dev/null\nif [ $? != 0 ] ; then\n    # print error to STDERR\n    echo \"error: The sandbox is not in sync with the Podfile.lock. Run 'pod install' or update your CocoaPods installation.\" >&2\n    exit 1\nfi\n# This output is used by Xcode 'outputs' to avoid re-running this script phase.\necho \"SUCCESS\" > \"${SCRIPT_OUTPUT_FILE_0}\"\n";
			showEnvVarsInLog = 0;
		};
		5405B01BDF18282C4E1DA4A0 /* [CP] Check Pods Manifest.lock */ = {
			isa = PBXShellScriptBuildPhase;
			buildActionMask = 2147483647;
			files = (
			);
			inputFileListPaths = (
			);
			inputPaths = (
				"${PODS_PODFILE_DIR_PATH}/Podfile.lock",
				"${PODS_ROOT}/Manifest.lock",
			);
			name = "[CP] Check Pods Manifest.lock";
			outputFileListPaths = (
			);
			outputPaths = (
				"$(DERIVED_FILE_DIR)/Pods-MovieAppTests-checkManifestLockResult.txt",
			);
			runOnlyForDeploymentPostprocessing = 0;
			shellPath = /bin/sh;
			shellScript = "diff \"${PODS_PODFILE_DIR_PATH}/Podfile.lock\" \"${PODS_ROOT}/Manifest.lock\" > /dev/null\nif [ $? != 0 ] ; then\n    # print error to STDERR\n    echo \"error: The sandbox is not in sync with the Podfile.lock. Run 'pod install' or update your CocoaPods installation.\" >&2\n    exit 1\nfi\n# This output is used by Xcode 'outputs' to avoid re-running this script phase.\necho \"SUCCESS\" > \"${SCRIPT_OUTPUT_FILE_0}\"\n";
			showEnvVarsInLog = 0;
		};
		8161B7F1B7867612F3BFDC6E /* [CP] Embed Pods Frameworks */ = {
			isa = PBXShellScriptBuildPhase;
			buildActionMask = 2147483647;
			files = (
			);
			inputFileListPaths = (
				"${PODS_ROOT}/Target Support Files/Pods-MovieApp-MovieAppUITests/Pods-MovieApp-MovieAppUITests-frameworks-${CONFIGURATION}-input-files.xcfilelist",
			);
			name = "[CP] Embed Pods Frameworks";
			outputFileListPaths = (
				"${PODS_ROOT}/Target Support Files/Pods-MovieApp-MovieAppUITests/Pods-MovieApp-MovieAppUITests-frameworks-${CONFIGURATION}-output-files.xcfilelist",
			);
			runOnlyForDeploymentPostprocessing = 0;
			shellPath = /bin/sh;
			shellScript = "\"${PODS_ROOT}/Target Support Files/Pods-MovieApp-MovieAppUITests/Pods-MovieApp-MovieAppUITests-frameworks.sh\"\n";
			showEnvVarsInLog = 0;
		};
		E372D32505BC677A39D7DDA6 /* [CP] Check Pods Manifest.lock */ = {
			isa = PBXShellScriptBuildPhase;
			buildActionMask = 2147483647;
			files = (
			);
			inputFileListPaths = (
			);
			inputPaths = (
				"${PODS_PODFILE_DIR_PATH}/Podfile.lock",
				"${PODS_ROOT}/Manifest.lock",
			);
			name = "[CP] Check Pods Manifest.lock";
			outputFileListPaths = (
			);
			outputPaths = (
				"$(DERIVED_FILE_DIR)/Pods-MovieApp-MovieAppUITests-checkManifestLockResult.txt",
			);
			runOnlyForDeploymentPostprocessing = 0;
			shellPath = /bin/sh;
			shellScript = "diff \"${PODS_PODFILE_DIR_PATH}/Podfile.lock\" \"${PODS_ROOT}/Manifest.lock\" > /dev/null\nif [ $? != 0 ] ; then\n    # print error to STDERR\n    echo \"error: The sandbox is not in sync with the Podfile.lock. Run 'pod install' or update your CocoaPods installation.\" >&2\n    exit 1\nfi\n# This output is used by Xcode 'outputs' to avoid re-running this script phase.\necho \"SUCCESS\" > \"${SCRIPT_OUTPUT_FILE_0}\"\n";
			showEnvVarsInLog = 0;
		};
		FAFE90FC6D26DBD56B8A1CF0 /* [CP] Embed Pods Frameworks */ = {
			isa = PBXShellScriptBuildPhase;
			buildActionMask = 2147483647;
			files = (
			);
			inputFileListPaths = (
				"${PODS_ROOT}/Target Support Files/Pods-MovieApp/Pods-MovieApp-frameworks-${CONFIGURATION}-input-files.xcfilelist",
			);
			name = "[CP] Embed Pods Frameworks";
			outputFileListPaths = (
				"${PODS_ROOT}/Target Support Files/Pods-MovieApp/Pods-MovieApp-frameworks-${CONFIGURATION}-output-files.xcfilelist",
			);
			runOnlyForDeploymentPostprocessing = 0;
			shellPath = /bin/sh;
			shellScript = "\"${PODS_ROOT}/Target Support Files/Pods-MovieApp/Pods-MovieApp-frameworks.sh\"\n";
			showEnvVarsInLog = 0;
		};
/* End PBXShellScriptBuildPhase section */

/* Begin PBXSourcesBuildPhase section */
		273EED9D28A697580045780F /* Sources */ = {
			isa = PBXSourcesBuildPhase;
			buildActionMask = 2147483647;
			files = (
				27569CB628AADDDB00AD72FE /* CastCell.swift in Sources */,
				27569CA428AA439100AD72FE /* Array+Extentions.swift in Sources */,
				27569C8128A95CA400AD72FE /* UIView+Extensions.swift in Sources */,
				27B37AC028AB7E1C00636911 /* CharacterDetailVM.swift in Sources */,
				27569C9828A96BE100AD72FE /* GlobalHelpers.swift in Sources */,
				27569C8B28A964B000AD72FE /* ApiConstants.swift in Sources */,
				27569C9B28AA2A9B00AD72FE /* Api.swift in Sources */,
				27569C7428A9474900AD72FE /* AppCoordinator.swift in Sources */,
				27B37AC328AB8D5500636911 /* CharacterDetailService.swift in Sources */,
				27B37AC828AB8DA800636911 /* CharacterCreditsResponseModel.swift in Sources */,
				27569CB028AADAF900AD72FE /* MovieDetailService.swift in Sources */,
				27569CA928AA8D8300AD72FE /* MovieDetailVC.swift in Sources */,
				27569C7E28A95B4D00AD72FE /* MovieCell.swift in Sources */,
				273EEDA528A697580045780F /* AppDelegate.swift in Sources */,
				27B37ABE28AB7E0B00636911 /* CharacterDetailVC.swift in Sources */,
				27B37AC628AB8D9800636911 /* CharacterDetailResponseModel.swift in Sources */,
				27569C7628A947EC00AD72FE /* MovieListVC.swift in Sources */,
				27569C7828A947F900AD72FE /* MovieListVM.swift in Sources */,
				27569C9028A967CE00AD72FE /* NetworkError.swift in Sources */,
				27569C9228A96A5B00AD72FE /* NetworkDefauts.swift in Sources */,
				27569CB828AAE09100AD72FE /* VerticalTitleDescView.swift in Sources */,
				27569C8628A9610A00AD72FE /* ImagePlaceholder.swift in Sources */,
				27569C9628A96B5C00AD72FE /* NetworkManager.swift in Sources */,
				27569CAE28AA910600AD72FE /* MovieDetailResponseModel.swift in Sources */,
				27569C9F28AA37A400AD72FE /* MoviesService.swift in Sources */,
				27569CBE28AAEE0300AD72FE /* MovieVideosModel.swift in Sources */,
				27569CA228AA39D700AD72FE /* MoviesResponseModel.swift in Sources */,
				27569CAB28AA8D8F00AD72FE /* MovieDetailVM.swift in Sources */,
				27569CA728AA831200AD72FE /* MovieListEmptyView.swift in Sources */,
				27569CC028AAF3A000AD72FE /* KingFisher+Extensions.swift in Sources */,
				27569C9428A96A8700AD72FE /* Network.swift in Sources */,
				27569C8E28A967AF00AD72FE /* ExecuterProtocol.swift in Sources */,
				27569CBB28AAE24600AD72FE /* MovieCastResponseModel.swift in Sources */,
				27569CB328AADDC100AD72FE /* CastCarousel.swift in Sources */,
			);
			runOnlyForDeploymentPostprocessing = 0;
		};
		273EEDB328A6975A0045780F /* Sources */ = {
			isa = PBXSourcesBuildPhase;
			buildActionMask = 2147483647;
			files = (
				273EEDBC28A6975A0045780F /* MovieAppTests.swift in Sources */,
			);
			runOnlyForDeploymentPostprocessing = 0;
		};
		273EEDBD28A6975A0045780F /* Sources */ = {
			isa = PBXSourcesBuildPhase;
			buildActionMask = 2147483647;
			files = (
				273EEDC828A6975A0045780F /* MovieAppUITestsLaunchTests.swift in Sources */,
				273EEDC628A6975A0045780F /* MovieAppUITests.swift in Sources */,
			);
			runOnlyForDeploymentPostprocessing = 0;
		};
/* End PBXSourcesBuildPhase section */

/* Begin PBXTargetDependency section */
		273EEDB928A6975A0045780F /* PBXTargetDependency */ = {
			isa = PBXTargetDependency;
			target = 273EEDA028A697580045780F /* MovieApp */;
			targetProxy = 273EEDB828A6975A0045780F /* PBXContainerItemProxy */;
		};
		273EEDC328A6975A0045780F /* PBXTargetDependency */ = {
			isa = PBXTargetDependency;
			target = 273EEDA028A697580045780F /* MovieApp */;
			targetProxy = 273EEDC228A6975A0045780F /* PBXContainerItemProxy */;
		};
/* End PBXTargetDependency section */

/* Begin PBXVariantGroup section */
		273EEDAF28A6975A0045780F /* LaunchScreen.storyboard */ = {
			isa = PBXVariantGroup;
			children = (
				273EEDB028A6975A0045780F /* Base */,
			);
			name = LaunchScreen.storyboard;
			sourceTree = "<group>";
		};
/* End PBXVariantGroup section */

/* Begin XCBuildConfiguration section */
		273EEDC928A6975A0045780F /* Debug */ = {
			isa = XCBuildConfiguration;
			buildSettings = {
				ALWAYS_SEARCH_USER_PATHS = NO;
				CLANG_ANALYZER_NONNULL = YES;
				CLANG_ANALYZER_NUMBER_OBJECT_CONVERSION = YES_AGGRESSIVE;
				CLANG_CXX_LANGUAGE_STANDARD = "gnu++17";
				CLANG_ENABLE_MODULES = YES;
				CLANG_ENABLE_OBJC_ARC = YES;
				CLANG_ENABLE_OBJC_WEAK = YES;
				CLANG_WARN_BLOCK_CAPTURE_AUTORELEASING = YES;
				CLANG_WARN_BOOL_CONVERSION = YES;
				CLANG_WARN_COMMA = YES;
				CLANG_WARN_CONSTANT_CONVERSION = YES;
				CLANG_WARN_DEPRECATED_OBJC_IMPLEMENTATIONS = YES;
				CLANG_WARN_DIRECT_OBJC_ISA_USAGE = YES_ERROR;
				CLANG_WARN_DOCUMENTATION_COMMENTS = YES;
				CLANG_WARN_EMPTY_BODY = YES;
				CLANG_WARN_ENUM_CONVERSION = YES;
				CLANG_WARN_INFINITE_RECURSION = YES;
				CLANG_WARN_INT_CONVERSION = YES;
				CLANG_WARN_NON_LITERAL_NULL_CONVERSION = YES;
				CLANG_WARN_OBJC_IMPLICIT_RETAIN_SELF = YES;
				CLANG_WARN_OBJC_LITERAL_CONVERSION = YES;
				CLANG_WARN_OBJC_ROOT_CLASS = YES_ERROR;
				CLANG_WARN_QUOTED_INCLUDE_IN_FRAMEWORK_HEADER = YES;
				CLANG_WARN_RANGE_LOOP_ANALYSIS = YES;
				CLANG_WARN_STRICT_PROTOTYPES = YES;
				CLANG_WARN_SUSPICIOUS_MOVE = YES;
				CLANG_WARN_UNGUARDED_AVAILABILITY = YES_AGGRESSIVE;
				CLANG_WARN_UNREACHABLE_CODE = YES;
				CLANG_WARN__DUPLICATE_METHOD_MATCH = YES;
				COPY_PHASE_STRIP = NO;
				DEBUG_INFORMATION_FORMAT = dwarf;
				ENABLE_STRICT_OBJC_MSGSEND = YES;
				ENABLE_TESTABILITY = YES;
				GCC_C_LANGUAGE_STANDARD = gnu11;
				GCC_DYNAMIC_NO_PIC = NO;
				GCC_NO_COMMON_BLOCKS = YES;
				GCC_OPTIMIZATION_LEVEL = 0;
				GCC_PREPROCESSOR_DEFINITIONS = (
					"DEBUG=1",
					"$(inherited)",
				);
				GCC_WARN_64_TO_32_BIT_CONVERSION = YES;
				GCC_WARN_ABOUT_RETURN_TYPE = YES_ERROR;
				GCC_WARN_UNDECLARED_SELECTOR = YES;
				GCC_WARN_UNINITIALIZED_AUTOS = YES_AGGRESSIVE;
				GCC_WARN_UNUSED_FUNCTION = YES;
				GCC_WARN_UNUSED_VARIABLE = YES;
				IPHONEOS_DEPLOYMENT_TARGET = 11.0;
				MTL_ENABLE_DEBUG_INFO = INCLUDE_SOURCE;
				MTL_FAST_MATH = YES;
				ONLY_ACTIVE_ARCH = YES;
				SDKROOT = iphoneos;
				SWIFT_ACTIVE_COMPILATION_CONDITIONS = DEBUG;
				SWIFT_OPTIMIZATION_LEVEL = "-Onone";
			};
			name = Debug;
		};
		273EEDCA28A6975A0045780F /* Release */ = {
			isa = XCBuildConfiguration;
			buildSettings = {
				ALWAYS_SEARCH_USER_PATHS = NO;
				CLANG_ANALYZER_NONNULL = YES;
				CLANG_ANALYZER_NUMBER_OBJECT_CONVERSION = YES_AGGRESSIVE;
				CLANG_CXX_LANGUAGE_STANDARD = "gnu++17";
				CLANG_ENABLE_MODULES = YES;
				CLANG_ENABLE_OBJC_ARC = YES;
				CLANG_ENABLE_OBJC_WEAK = YES;
				CLANG_WARN_BLOCK_CAPTURE_AUTORELEASING = YES;
				CLANG_WARN_BOOL_CONVERSION = YES;
				CLANG_WARN_COMMA = YES;
				CLANG_WARN_CONSTANT_CONVERSION = YES;
				CLANG_WARN_DEPRECATED_OBJC_IMPLEMENTATIONS = YES;
				CLANG_WARN_DIRECT_OBJC_ISA_USAGE = YES_ERROR;
				CLANG_WARN_DOCUMENTATION_COMMENTS = YES;
				CLANG_WARN_EMPTY_BODY = YES;
				CLANG_WARN_ENUM_CONVERSION = YES;
				CLANG_WARN_INFINITE_RECURSION = YES;
				CLANG_WARN_INT_CONVERSION = YES;
				CLANG_WARN_NON_LITERAL_NULL_CONVERSION = YES;
				CLANG_WARN_OBJC_IMPLICIT_RETAIN_SELF = YES;
				CLANG_WARN_OBJC_LITERAL_CONVERSION = YES;
				CLANG_WARN_OBJC_ROOT_CLASS = YES_ERROR;
				CLANG_WARN_QUOTED_INCLUDE_IN_FRAMEWORK_HEADER = YES;
				CLANG_WARN_RANGE_LOOP_ANALYSIS = YES;
				CLANG_WARN_STRICT_PROTOTYPES = YES;
				CLANG_WARN_SUSPICIOUS_MOVE = YES;
				CLANG_WARN_UNGUARDED_AVAILABILITY = YES_AGGRESSIVE;
				CLANG_WARN_UNREACHABLE_CODE = YES;
				CLANG_WARN__DUPLICATE_METHOD_MATCH = YES;
				COPY_PHASE_STRIP = NO;
				DEBUG_INFORMATION_FORMAT = "dwarf-with-dsym";
				ENABLE_NS_ASSERTIONS = NO;
				ENABLE_STRICT_OBJC_MSGSEND = YES;
				GCC_C_LANGUAGE_STANDARD = gnu11;
				GCC_NO_COMMON_BLOCKS = YES;
				GCC_WARN_64_TO_32_BIT_CONVERSION = YES;
				GCC_WARN_ABOUT_RETURN_TYPE = YES_ERROR;
				GCC_WARN_UNDECLARED_SELECTOR = YES;
				GCC_WARN_UNINITIALIZED_AUTOS = YES_AGGRESSIVE;
				GCC_WARN_UNUSED_FUNCTION = YES;
				GCC_WARN_UNUSED_VARIABLE = YES;
				IPHONEOS_DEPLOYMENT_TARGET = 11.0;
				MTL_ENABLE_DEBUG_INFO = NO;
				MTL_FAST_MATH = YES;
				SDKROOT = iphoneos;
				SWIFT_COMPILATION_MODE = wholemodule;
				SWIFT_OPTIMIZATION_LEVEL = "-O";
				VALIDATE_PRODUCT = YES;
			};
			name = Release;
		};
		273EEDCC28A6975A0045780F /* Debug */ = {
			isa = XCBuildConfiguration;
			baseConfigurationReference = EDB3B1D4A62F7C35168533AF /* Pods-MovieApp.debug.xcconfig */;
			buildSettings = {
				ASSETCATALOG_COMPILER_APPICON_NAME = AppIcon;
				ASSETCATALOG_COMPILER_GLOBAL_ACCENT_COLOR_NAME = AccentColor;
				CODE_SIGN_STYLE = Automatic;
				CURRENT_PROJECT_VERSION = 1;
				GENERATE_INFOPLIST_FILE = YES;
				INFOPLIST_FILE = MovieApp/Info.plist;
				INFOPLIST_KEY_UIApplicationSupportsIndirectInputEvents = YES;
				INFOPLIST_KEY_UILaunchStoryboardName = LaunchScreen;
				INFOPLIST_KEY_UISupportedInterfaceOrientations_iPad = "UIInterfaceOrientationPortrait UIInterfaceOrientationPortraitUpsideDown UIInterfaceOrientationLandscapeLeft UIInterfaceOrientationLandscapeRight";
				INFOPLIST_KEY_UISupportedInterfaceOrientations_iPhone = "UIInterfaceOrientationPortrait UIInterfaceOrientationLandscapeLeft UIInterfaceOrientationLandscapeRight";
				IPHONEOS_DEPLOYMENT_TARGET = 11.0;
				LD_RUNPATH_SEARCH_PATHS = (
					"$(inherited)",
					"@executable_path/Frameworks",
				);
				MARKETING_VERSION = 1.0;
				PRODUCT_BUNDLE_IDENTIFIER = com.app.MovieApp;
				PRODUCT_NAME = "$(TARGET_NAME)";
				SWIFT_EMIT_LOC_STRINGS = YES;
				SWIFT_VERSION = 5.0;
				TARGETED_DEVICE_FAMILY = 1;
			};
			name = Debug;
		};
		273EEDCD28A6975A0045780F /* Release */ = {
			isa = XCBuildConfiguration;
			baseConfigurationReference = 1B505AD599CB8F8494470C2D /* Pods-MovieApp.release.xcconfig */;
			buildSettings = {
				ASSETCATALOG_COMPILER_APPICON_NAME = AppIcon;
				ASSETCATALOG_COMPILER_GLOBAL_ACCENT_COLOR_NAME = AccentColor;
				CODE_SIGN_STYLE = Automatic;
				CURRENT_PROJECT_VERSION = 1;
				GENERATE_INFOPLIST_FILE = YES;
				INFOPLIST_FILE = MovieApp/Info.plist;
				INFOPLIST_KEY_UIApplicationSupportsIndirectInputEvents = YES;
				INFOPLIST_KEY_UILaunchStoryboardName = LaunchScreen;
				INFOPLIST_KEY_UISupportedInterfaceOrientations_iPad = "UIInterfaceOrientationPortrait UIInterfaceOrientationPortraitUpsideDown UIInterfaceOrientationLandscapeLeft UIInterfaceOrientationLandscapeRight";
				INFOPLIST_KEY_UISupportedInterfaceOrientations_iPhone = "UIInterfaceOrientationPortrait UIInterfaceOrientationLandscapeLeft UIInterfaceOrientationLandscapeRight";
				IPHONEOS_DEPLOYMENT_TARGET = 11.0;
				LD_RUNPATH_SEARCH_PATHS = (
					"$(inherited)",
					"@executable_path/Frameworks",
				);
				MARKETING_VERSION = 1.0;
				PRODUCT_BUNDLE_IDENTIFIER = com.app.MovieApp;
				PRODUCT_NAME = "$(TARGET_NAME)";
				SWIFT_EMIT_LOC_STRINGS = YES;
				SWIFT_VERSION = 5.0;
				TARGETED_DEVICE_FAMILY = 1;
			};
			name = Release;
		};
		273EEDCF28A6975A0045780F /* Debug */ = {
			isa = XCBuildConfiguration;
			baseConfigurationReference = D6A8CCD769DD2149E703932F /* Pods-MovieAppTests.debug.xcconfig */;
			buildSettings = {
				ALWAYS_EMBED_SWIFT_STANDARD_LIBRARIES = YES;
				BUNDLE_LOADER = "$(TEST_HOST)";
				CODE_SIGN_STYLE = Automatic;
				CURRENT_PROJECT_VERSION = 1;
				GENERATE_INFOPLIST_FILE = YES;
				IPHONEOS_DEPLOYMENT_TARGET = 15.5;
				MARKETING_VERSION = 1.0;
				PRODUCT_BUNDLE_IDENTIFIER = com.app.MovieAppTests;
				PRODUCT_NAME = "$(TARGET_NAME)";
				SWIFT_EMIT_LOC_STRINGS = NO;
				SWIFT_VERSION = 5.0;
				TARGETED_DEVICE_FAMILY = "1,2";
				TEST_HOST = "$(BUILT_PRODUCTS_DIR)/MovieApp.app/MovieApp";
			};
			name = Debug;
		};
		273EEDD028A6975A0045780F /* Release */ = {
			isa = XCBuildConfiguration;
			baseConfigurationReference = 991000D5B242A84625DF28FC /* Pods-MovieAppTests.release.xcconfig */;
			buildSettings = {
				ALWAYS_EMBED_SWIFT_STANDARD_LIBRARIES = YES;
				BUNDLE_LOADER = "$(TEST_HOST)";
				CODE_SIGN_STYLE = Automatic;
				CURRENT_PROJECT_VERSION = 1;
				GENERATE_INFOPLIST_FILE = YES;
				IPHONEOS_DEPLOYMENT_TARGET = 15.5;
				MARKETING_VERSION = 1.0;
				PRODUCT_BUNDLE_IDENTIFIER = com.app.MovieAppTests;
				PRODUCT_NAME = "$(TARGET_NAME)";
				SWIFT_EMIT_LOC_STRINGS = NO;
				SWIFT_VERSION = 5.0;
				TARGETED_DEVICE_FAMILY = "1,2";
				TEST_HOST = "$(BUILT_PRODUCTS_DIR)/MovieApp.app/MovieApp";
			};
			name = Release;
		};
		273EEDD228A6975A0045780F /* Debug */ = {
			isa = XCBuildConfiguration;
			baseConfigurationReference = 3A960478B5F03F19A26AA378 /* Pods-MovieApp-MovieAppUITests.debug.xcconfig */;
			buildSettings = {
				ALWAYS_EMBED_SWIFT_STANDARD_LIBRARIES = YES;
				CODE_SIGN_STYLE = Automatic;
				CURRENT_PROJECT_VERSION = 1;
				GENERATE_INFOPLIST_FILE = YES;
				MARKETING_VERSION = 1.0;
				PRODUCT_BUNDLE_IDENTIFIER = com.app.MovieAppUITests;
				PRODUCT_NAME = "$(TARGET_NAME)";
				SWIFT_EMIT_LOC_STRINGS = NO;
				SWIFT_VERSION = 5.0;
				TARGETED_DEVICE_FAMILY = "1,2";
				TEST_TARGET_NAME = MovieApp;
			};
			name = Debug;
		};
		273EEDD328A6975A0045780F /* Release */ = {
			isa = XCBuildConfiguration;
			baseConfigurationReference = DD87ADA840D6CEE63CB50764 /* Pods-MovieApp-MovieAppUITests.release.xcconfig */;
			buildSettings = {
				ALWAYS_EMBED_SWIFT_STANDARD_LIBRARIES = YES;
				CODE_SIGN_STYLE = Automatic;
				CURRENT_PROJECT_VERSION = 1;
				GENERATE_INFOPLIST_FILE = YES;
				MARKETING_VERSION = 1.0;
				PRODUCT_BUNDLE_IDENTIFIER = com.app.MovieAppUITests;
				PRODUCT_NAME = "$(TARGET_NAME)";
				SWIFT_EMIT_LOC_STRINGS = NO;
				SWIFT_VERSION = 5.0;
				TARGETED_DEVICE_FAMILY = "1,2";
				TEST_TARGET_NAME = MovieApp;
			};
			name = Release;
		};
/* End XCBuildConfiguration section */

/* Begin XCConfigurationList section */
		273EED9C28A697580045780F /* Build configuration list for PBXProject "MovieApp" */ = {
			isa = XCConfigurationList;
			buildConfigurations = (
				273EEDC928A6975A0045780F /* Debug */,
				273EEDCA28A6975A0045780F /* Release */,
			);
			defaultConfigurationIsVisible = 0;
			defaultConfigurationName = Release;
		};
		273EEDCB28A6975A0045780F /* Build configuration list for PBXNativeTarget "MovieApp" */ = {
			isa = XCConfigurationList;
			buildConfigurations = (
				273EEDCC28A6975A0045780F /* Debug */,
				273EEDCD28A6975A0045780F /* Release */,
			);
			defaultConfigurationIsVisible = 0;
			defaultConfigurationName = Release;
		};
		273EEDCE28A6975A0045780F /* Build configuration list for PBXNativeTarget "MovieAppTests" */ = {
			isa = XCConfigurationList;
			buildConfigurations = (
				273EEDCF28A6975A0045780F /* Debug */,
				273EEDD028A6975A0045780F /* Release */,
			);
			defaultConfigurationIsVisible = 0;
			defaultConfigurationName = Release;
		};
		273EEDD128A6975A0045780F /* Build configuration list for PBXNativeTarget "MovieAppUITests" */ = {
			isa = XCConfigurationList;
			buildConfigurations = (
				273EEDD228A6975A0045780F /* Debug */,
				273EEDD328A6975A0045780F /* Release */,
			);
			defaultConfigurationIsVisible = 0;
			defaultConfigurationName = Release;
		};
/* End XCConfigurationList section */
	};
	rootObject = 273EED9928A697580045780F /* Project object */;
}
